
Microsoft Visual Studio Solution File, Format Version 12.00
# Visual Studio 2012
Project("{FAE04EC0-301F-11D3-BF4B-00C04F79EFBC}") = "YahooWeather_iOS", "YahooWeather_iOS\YahooWeather_iOS.csproj", "{444DE84D-E4E0-4A43-BEC5-6FADE063B4CA}"
EndProject
Global
	GlobalSection(SolutionConfigurationPlatforms) = preSolution
		Debug|iPhoneSimulator = Debug|iPhoneSimulator
		Release|iPhone = Release|iPhone
		Release|iPhoneSimulator = Release|iPhoneSimulator
		Debug|iPhone = Debug|iPhone
	EndGlobalSection
	GlobalSection(ProjectConfigurationPlatforms) = postSolution
		{444DE84D-E4E0-4A43-BEC5-6FADE063B4CA}.Debug|iPhoneSimulator.ActiveCfg = Debug|iPhoneSimulator
		{444DE84D-E4E0-4A43-BEC5-6FADE063B4CA}.Debug|iPhoneSimulator.Build.0 = Debug|iPhoneSimulator
		{444DE84D-E4E0-4A43-BEC5-6FADE063B4CA}.Release|iPhone.ActiveCfg = Release|iPhone
		{444DE84D-E4E0-4A43-BEC5-6FADE063B4CA}.Release|iPhone.Build.0 = Release|iPhone
		{444DE84D-E4E0-4A43-BEC5-6FADE063B4CA}.Release|iPhoneSimulator.ActiveCfg = Release|iPhoneSimulator
		{444DE84D-E4E0-4A43-BEC5-6FADE063B4CA}.Release|iPhoneSimulator.Build.0 = Release|iPhoneSimulator
		{444DE84D-E4E0-4A43-BEC5-6FADE063B4CA}.Debug|iPhone.ActiveCfg = Debug|iPhone
		{444DE84D-E4E0-4A43-BEC5-6FADE063B4CA}.Debug|iPhone.Build.0 = Debug|iPhone
	EndGlobalSection
EndGlobal
